// !$*UTF8*$!
{
	archiveVersion = 1;
	classes = {
	};
	objectVersion = 46;
	objects = {

/* Begin PBXBuildFile section */
		0321CEAC1D46E4A3004531C4 /* CopypastaProducts.swift in Sources */ = {isa = PBXBuildFile; fileRef = 0350C1001D244CD200111854 /* CopypastaProducts.swift */; };
		0321CEAE1D495B45004531C4 /* TabsController.swift in Sources */ = {isa = PBXBuildFile; fileRef = 0321CEAD1D495B45004531C4 /* TabsController.swift */; };
		03437AF91D04C5F4003E7159 /* AppDelegate.swift in Sources */ = {isa = PBXBuildFile; fileRef = 03437AF81D04C5F4003E7159 /* AppDelegate.swift */; };
		03437AFE1D04C5F4003E7159 /* Main.storyboard in Resources */ = {isa = PBXBuildFile; fileRef = 03437AFC1D04C5F4003E7159 /* Main.storyboard */; };
		03437B001D04C5F5003E7159 /* Assets.xcassets in Resources */ = {isa = PBXBuildFile; fileRef = 03437AFF1D04C5F5003E7159 /* Assets.xcassets */; };
		03437B031D04C5F5003E7159 /* LaunchScreen.storyboard in Resources */ = {isa = PBXBuildFile; fileRef = 03437B011D04C5F5003E7159 /* LaunchScreen.storyboard */; };
		03437B111D04C63B003E7159 /* KeyboardViewController.swift in Sources */ = {isa = PBXBuildFile; fileRef = 03437B101D04C63B003E7159 /* KeyboardViewController.swift */; };
		0350C0C61D1D89FE00111854 /* ColorHelper.swift in Sources */ = {isa = PBXBuildFile; fileRef = 0350C0C51D1D89FE00111854 /* ColorHelper.swift */; };
		0350C0CA1D23642B00111854 /* StoreKit.framework in Frameworks */ = {isa = PBXBuildFile; fileRef = 0350C0C91D23642B00111854 /* StoreKit.framework */; };
		0350C0FC1D244C0B00111854 /* Copypasta.appex in Embed App Extensions */ = {isa = PBXBuildFile; fileRef = 03437B0E1D04C639003E7159 /* Copypasta.appex */; settings = {ATTRIBUTES = (RemoveHeadersOnCopy, ); }; };
		0350C1011D244CD200111854 /* CopypastaProducts.swift in Sources */ = {isa = PBXBuildFile; fileRef = 0350C1001D244CD200111854 /* CopypastaProducts.swift */; };
		0350C1031D244CDB00111854 /* IAPHelper.swift in Sources */ = {isa = PBXBuildFile; fileRef = 0350C1021D244CDB00111854 /* IAPHelper.swift */; };
		0350C1051D2486B400111854 /* FullVersionController.swift in Sources */ = {isa = PBXBuildFile; fileRef = 0350C1041D2486B400111854 /* FullVersionController.swift */; };
		0350C1071D249B4700111854 /* Helper.swift in Sources */ = {isa = PBXBuildFile; fileRef = 0350C1061D249B4700111854 /* Helper.swift */; };
		03583A1E1D1C3E7300E59669 /* InstructionsController.swift in Sources */ = {isa = PBXBuildFile; fileRef = 03583A1D1D1C3E7300E59669 /* InstructionsController.swift */; };
		03583A201D1C3E7A00E59669 /* RatingsController.swift in Sources */ = {isa = PBXBuildFile; fileRef = 03583A1F1D1C3E7A00E59669 /* RatingsController.swift */; };
		03583A221D1C3E8000E59669 /* SetupController.swift in Sources */ = {isa = PBXBuildFile; fileRef = 03583A211D1C3E8000E59669 /* SetupController.swift */; };
		03C232001D3C73D400603EEA /* Keychain.swift in Sources */ = {isa = PBXBuildFile; fileRef = 03C231FF1D3C73D400603EEA /* Keychain.swift */; };
		03C232011D3C73D400603EEA /* Keychain.swift in Sources */ = {isa = PBXBuildFile; fileRef = 03C231FF1D3C73D400603EEA /* Keychain.swift */; };
		03CDD7481D14C98E001DEB38 /* Localizable.strings in Resources */ = {isa = PBXBuildFile; fileRef = 03CDD7471D14C98E001DEB38 /* Localizable.strings */; };
		03E620CE1D26AE8A0047B70A /* IAPHelper.swift in Sources */ = {isa = PBXBuildFile; fileRef = 0350C1021D244CDB00111854 /* IAPHelper.swift */; };
/* End PBXBuildFile section */

/* Begin PBXContainerItemProxy section */
		0350C0FD1D244C0B00111854 /* PBXContainerItemProxy */ = {
			isa = PBXContainerItemProxy;
			containerPortal = 03437AED1D04C5F3003E7159 /* Project object */;
			proxyType = 1;
			remoteGlobalIDString = 03437B0D1D04C639003E7159;
			remoteInfo = "Copypasta Free";
		};
/* End PBXContainerItemProxy section */

/* Begin PBXCopyFilesBuildPhase section */
		0350C0FF1D244C0B00111854 /* Embed App Extensions */ = {
			isa = PBXCopyFilesBuildPhase;
			buildActionMask = 2147483647;
			dstPath = "";
			dstSubfolderSpec = 13;
			files = (
				0350C0FC1D244C0B00111854 /* Copypasta.appex in Embed App Extensions */,
			);
			name = "Embed App Extensions";
			runOnlyForDeploymentPostprocessing = 0;
		};
/* End PBXCopyFilesBuildPhase section */

/* Begin PBXFileReference section */
		0321CEAB1D445C9C004531C4 /* Copypasta.entitlements */ = {isa = PBXFileReference; lastKnownFileType = text.xml; path = Copypasta.entitlements; sourceTree = "<group>"; };
		0321CEAD1D495B45004531C4 /* TabsController.swift */ = {isa = PBXFileReference; fileEncoding = 4; lastKnownFileType = sourcecode.swift; path = TabsController.swift; sourceTree = "<group>"; };
		03437AF51D04C5F4003E7159 /* Copypasta Keyboard.app */ = {isa = PBXFileReference; explicitFileType = wrapper.application; includeInIndex = 0; path = "Copypasta Keyboard.app"; sourceTree = BUILT_PRODUCTS_DIR; };
		03437AF81D04C5F4003E7159 /* AppDelegate.swift */ = {isa = PBXFileReference; lastKnownFileType = sourcecode.swift; path = AppDelegate.swift; sourceTree = "<group>"; };
		03437AFD1D04C5F4003E7159 /* Base */ = {isa = PBXFileReference; lastKnownFileType = file.storyboard; name = Base; path = Base.lproj/Main.storyboard; sourceTree = "<group>"; };
		03437AFF1D04C5F5003E7159 /* Assets.xcassets */ = {isa = PBXFileReference; lastKnownFileType = folder.assetcatalog; name = Assets.xcassets; path = "Copypasta Keyboard/Assets.xcassets"; sourceTree = SOURCE_ROOT; };
		03437B021D04C5F5003E7159 /* Base */ = {isa = PBXFileReference; lastKnownFileType = file.storyboard; name = Base; path = Base.lproj/LaunchScreen.storyboard; sourceTree = "<group>"; };
		03437B041D04C5F5003E7159 /* Info.plist */ = {isa = PBXFileReference; lastKnownFileType = text.plist.xml; path = Info.plist; sourceTree = "<group>"; };
		03437B0E1D04C639003E7159 /* Copypasta.appex */ = {isa = PBXFileReference; explicitFileType = "wrapper.app-extension"; includeInIndex = 0; path = Copypasta.appex; sourceTree = BUILT_PRODUCTS_DIR; };
		03437B101D04C63B003E7159 /* KeyboardViewController.swift */ = {isa = PBXFileReference; lastKnownFileType = sourcecode.swift; path = KeyboardViewController.swift; sourceTree = "<group>"; };
		03437B121D04C63C003E7159 /* Info.plist */ = {isa = PBXFileReference; lastKnownFileType = text.plist.xml; path = Info.plist; sourceTree = "<group>"; };
		0350C0C51D1D89FE00111854 /* ColorHelper.swift */ = {isa = PBXFileReference; fileEncoding = 4; lastKnownFileType = sourcecode.swift; path = ColorHelper.swift; sourceTree = "<group>"; };
		0350C0C91D23642B00111854 /* StoreKit.framework */ = {isa = PBXFileReference; lastKnownFileType = wrapper.framework; name = StoreKit.framework; path = System/Library/Frameworks/StoreKit.framework; sourceTree = SDKROOT; };
		0350C1001D244CD200111854 /* CopypastaProducts.swift */ = {isa = PBXFileReference; fileEncoding = 4; lastKnownFileType = sourcecode.swift; path = CopypastaProducts.swift; sourceTree = "<group>"; };
		0350C1021D244CDB00111854 /* IAPHelper.swift */ = {isa = PBXFileReference; fileEncoding = 4; lastKnownFileType = sourcecode.swift; path = IAPHelper.swift; sourceTree = "<group>"; };
		0350C1041D2486B400111854 /* FullVersionController.swift */ = {isa = PBXFileReference; fileEncoding = 4; lastKnownFileType = sourcecode.swift; path = FullVersionController.swift; sourceTree = "<group>"; };
		0350C1061D249B4700111854 /* Helper.swift */ = {isa = PBXFileReference; fileEncoding = 4; lastKnownFileType = sourcecode.swift; path = Helper.swift; sourceTree = "<group>"; };
		03583A1D1D1C3E7300E59669 /* InstructionsController.swift */ = {isa = PBXFileReference; fileEncoding = 4; lastKnownFileType = sourcecode.swift; path = InstructionsController.swift; sourceTree = "<group>"; };
		03583A1F1D1C3E7A00E59669 /* RatingsController.swift */ = {isa = PBXFileReference; fileEncoding = 4; lastKnownFileType = sourcecode.swift; path = RatingsController.swift; sourceTree = "<group>"; };
		03583A211D1C3E8000E59669 /* SetupController.swift */ = {isa = PBXFileReference; fileEncoding = 4; lastKnownFileType = sourcecode.swift; path = SetupController.swift; sourceTree = "<group>"; };
		03C231FF1D3C73D400603EEA /* Keychain.swift */ = {isa = PBXFileReference; fileEncoding = 4; lastKnownFileType = sourcecode.swift; path = Keychain.swift; sourceTree = "<group>"; };
		03CDD7471D14C98E001DEB38 /* Localizable.strings */ = {isa = PBXFileReference; fileEncoding = 4; lastKnownFileType = text.plist.strings; path = Localizable.strings; sourceTree = "<group>"; };
		03E620CF1D26B09A0047B70A /* Copypasta Keyboard.entitlements */ = {isa = PBXFileReference; lastKnownFileType = text.xml; path = "Copypasta Keyboard.entitlements"; sourceTree = "<group>"; };
/* End PBXFileReference section */

/* Begin PBXFrameworksBuildPhase section */
		03437AF21D04C5F4003E7159 /* Frameworks */ = {
			isa = PBXFrameworksBuildPhase;
			buildActionMask = 2147483647;
			files = (
				0350C0CA1D23642B00111854 /* StoreKit.framework in Frameworks */,
			);
			runOnlyForDeploymentPostprocessing = 0;
		};
		03437B0B1D04C639003E7159 /* Frameworks */ = {
			isa = PBXFrameworksBuildPhase;
			buildActionMask = 2147483647;
			files = (
			);
			runOnlyForDeploymentPostprocessing = 0;
		};
/* End PBXFrameworksBuildPhase section */

/* Begin PBXGroup section */
		03437AEC1D04C5F3003E7159 = {
			isa = PBXGroup;
			children = (
				0350C0C91D23642B00111854 /* StoreKit.framework */,
				03437AF71D04C5F4003E7159 /* Copypasta Keyboard */,
				03437B0F1D04C63A003E7159 /* Copypasta */,
				03437AF61D04C5F4003E7159 /* Products */,
			);
			sourceTree = "<group>";
		};
		03437AF61D04C5F4003E7159 /* Products */ = {
			isa = PBXGroup;
			children = (
				03437AF51D04C5F4003E7159 /* Copypasta Keyboard.app */,
				03437B0E1D04C639003E7159 /* Copypasta.appex */,
			);
			name = Products;
			sourceTree = "<group>";
		};
		03437AF71D04C5F4003E7159 /* Copypasta Keyboard */ = {
			isa = PBXGroup;
			children = (
				03E620CF1D26B09A0047B70A /* Copypasta Keyboard.entitlements */,
				0350C1021D244CDB00111854 /* IAPHelper.swift */,
				0350C1001D244CD200111854 /* CopypastaProducts.swift */,
				03583A211D1C3E8000E59669 /* SetupController.swift */,
				03583A1F1D1C3E7A00E59669 /* RatingsController.swift */,
				03583A1D1D1C3E7300E59669 /* InstructionsController.swift */,
				03437AF81D04C5F4003E7159 /* AppDelegate.swift */,
				03437AFC1D04C5F4003E7159 /* Main.storyboard */,
				03437AFF1D04C5F5003E7159 /* Assets.xcassets */,
				03437B011D04C5F5003E7159 /* LaunchScreen.storyboard */,
				03437B041D04C5F5003E7159 /* Info.plist */,
				0350C0C51D1D89FE00111854 /* ColorHelper.swift */,
				0350C1041D2486B400111854 /* FullVersionController.swift */,
				0350C1061D249B4700111854 /* Helper.swift */,
				03C231FF1D3C73D400603EEA /* Keychain.swift */,
				0321CEAD1D495B45004531C4 /* TabsController.swift */,
			);
			path = "Copypasta Keyboard";
			sourceTree = "<group>";
		};
		03437B0F1D04C63A003E7159 /* Copypasta */ = {
			isa = PBXGroup;
			children = (
				0321CEAB1D445C9C004531C4 /* Copypasta.entitlements */,
				03437B101D04C63B003E7159 /* KeyboardViewController.swift */,
				03CDD7471D14C98E001DEB38 /* Localizable.strings */,
				03437B121D04C63C003E7159 /* Info.plist */,
			);
			path = Copypasta;
			sourceTree = "<group>";
		};
/* End PBXGroup section */

/* Begin PBXNativeTarget section */
		03437AF41D04C5F4003E7159 /* Copypasta Keyboard */ = {
			isa = PBXNativeTarget;
			buildConfigurationList = 03437B071D04C5F5003E7159 /* Build configuration list for PBXNativeTarget "Copypasta Keyboard" */;
			buildPhases = (
				03437AF11D04C5F4003E7159 /* Sources */,
				03437AF21D04C5F4003E7159 /* Frameworks */,
				03437AF31D04C5F4003E7159 /* Resources */,
				0350C0FF1D244C0B00111854 /* Embed App Extensions */,
			);
			buildRules = (
			);
			dependencies = (
				0350C0FE1D244C0B00111854 /* PBXTargetDependency */,
			);
			name = "Copypasta Keyboard";
			productName = "Copypasta Keyboard";
			productReference = 03437AF51D04C5F4003E7159 /* Copypasta Keyboard.app */;
			productType = "com.apple.product-type.application";
		};
		03437B0D1D04C639003E7159 /* Copypasta */ = {
			isa = PBXNativeTarget;
			buildConfigurationList = 03437B161D04C63C003E7159 /* Build configuration list for PBXNativeTarget "Copypasta" */;
			buildPhases = (
				03437B0A1D04C639003E7159 /* Sources */,
				03437B0B1D04C639003E7159 /* Frameworks */,
				03437B0C1D04C639003E7159 /* Resources */,
			);
			buildRules = (
			);
			dependencies = (
			);
			name = Copypasta;
			productName = Copypasta;
			productReference = 03437B0E1D04C639003E7159 /* Copypasta.appex */;
			productType = "com.apple.product-type.app-extension";
		};
/* End PBXNativeTarget section */

/* Begin PBXProject section */
		03437AED1D04C5F3003E7159 /* Project object */ = {
			isa = PBXProject;
			attributes = {
				LastSwiftUpdateCheck = 0730;
				LastUpgradeCheck = 0720;
				ORGANIZATIONNAME = vroy;
				TargetAttributes = {
					03437AF41D04C5F4003E7159 = {
						CreatedOnToolsVersion = 7.2.1;
						DevelopmentTeam = ZZNHDUWAXW;
						SystemCapabilities = {
							com.apple.ApplicationGroups.iOS = {
								enabled = 0;
							};
							com.apple.InAppPurchase = {
								enabled = 1;
							};
							com.apple.Keychain = {
								enabled = 1;
							};
						};
					};
					03437B0D1D04C639003E7159 = {
						CreatedOnToolsVersion = 7.2.1;
						DevelopmentTeam = ZZNHDUWAXW;
						SystemCapabilities = {
							com.apple.ApplicationGroups.iOS = {
								enabled = 0;
							};
							com.apple.Keychain = {
								enabled = 1;
							};
						};
					};
				};
			};
			buildConfigurationList = 03437AF01D04C5F3003E7159 /* Build configuration list for PBXProject "Copypasta Keyboard" */;
			compatibilityVersion = "Xcode 3.2";
			developmentRegion = English;
			hasScannedForEncodings = 0;
			knownRegions = (
				en,
				Base,
			);
			mainGroup = 03437AEC1D04C5F3003E7159;
			productRefGroup = 03437AF61D04C5F4003E7159 /* Products */;
			projectDirPath = "";
			projectRoot = "";
			targets = (
				03437AF41D04C5F4003E7159 /* Copypasta Keyboard */,
				03437B0D1D04C639003E7159 /* Copypasta */,
			);
		};
/* End PBXProject section */

/* Begin PBXResourcesBuildPhase section */
		03437AF31D04C5F4003E7159 /* Resources */ = {
			isa = PBXResourcesBuildPhase;
			buildActionMask = 2147483647;
			files = (
				03437B031D04C5F5003E7159 /* LaunchScreen.storyboard in Resources */,
				03437B001D04C5F5003E7159 /* Assets.xcassets in Resources */,
				03437AFE1D04C5F4003E7159 /* Main.storyboard in Resources */,
			);
			runOnlyForDeploymentPostprocessing = 0;
		};
		03437B0C1D04C639003E7159 /* Resources */ = {
			isa = PBXResourcesBuildPhase;
			buildActionMask = 2147483647;
			files = (
				03CDD7481D14C98E001DEB38 /* Localizable.strings in Resources */,
			);
			runOnlyForDeploymentPostprocessing = 0;
		};
/* End PBXResourcesBuildPhase section */

/* Begin PBXSourcesBuildPhase section */
		03437AF11D04C5F4003E7159 /* Sources */ = {
			isa = PBXSourcesBuildPhase;
			buildActionMask = 2147483647;
			files = (
				0350C1011D244CD200111854 /* CopypastaProducts.swift in Sources */,
				03583A201D1C3E7A00E59669 /* RatingsController.swift in Sources */,
				0350C0C61D1D89FE00111854 /* ColorHelper.swift in Sources */,
				03C232001D3C73D400603EEA /* Keychain.swift in Sources */,
				0350C1051D2486B400111854 /* FullVersionController.swift in Sources */,
				03583A221D1C3E8000E59669 /* SetupController.swift in Sources */,
				0350C1071D249B4700111854 /* Helper.swift in Sources */,
				03583A1E1D1C3E7300E59669 /* InstructionsController.swift in Sources */,
				0321CEAE1D495B45004531C4 /* TabsController.swift in Sources */,
				0350C1031D244CDB00111854 /* IAPHelper.swift in Sources */,
				03437AF91D04C5F4003E7159 /* AppDelegate.swift in Sources */,
			);
			runOnlyForDeploymentPostprocessing = 0;
		};
		03437B0A1D04C639003E7159 /* Sources */ = {
			isa = PBXSourcesBuildPhase;
			buildActionMask = 2147483647;
			files = (
				03437B111D04C63B003E7159 /* KeyboardViewController.swift in Sources */,
				03E620CE1D26AE8A0047B70A /* IAPHelper.swift in Sources */,
				0321CEAC1D46E4A3004531C4 /* CopypastaProducts.swift in Sources */,
				03C232011D3C73D400603EEA /* Keychain.swift in Sources */,
			);
			runOnlyForDeploymentPostprocessing = 0;
		};
/* End PBXSourcesBuildPhase section */

/* Begin PBXTargetDependency section */
		0350C0FE1D244C0B00111854 /* PBXTargetDependency */ = {
			isa = PBXTargetDependency;
			target = 03437B0D1D04C639003E7159 /* Copypasta */;
			targetProxy = 0350C0FD1D244C0B00111854 /* PBXContainerItemProxy */;
		};
/* End PBXTargetDependency section */

/* Begin PBXVariantGroup section */
		03437AFC1D04C5F4003E7159 /* Main.storyboard */ = {
			isa = PBXVariantGroup;
			children = (
				03437AFD1D04C5F4003E7159 /* Base */,
			);
			name = Main.storyboard;
			sourceTree = "<group>";
		};
		03437B011D04C5F5003E7159 /* LaunchScreen.storyboard */ = {
			isa = PBXVariantGroup;
			children = (
				03437B021D04C5F5003E7159 /* Base */,
			);
			name = LaunchScreen.storyboard;
			sourceTree = "<group>";
		};
/* End PBXVariantGroup section */

/* Begin XCBuildConfiguration section */
		03437B051D04C5F5003E7159 /* Debug */ = {
			isa = XCBuildConfiguration;
			buildSettings = {
				ALWAYS_SEARCH_USER_PATHS = NO;
				CLANG_CXX_LANGUAGE_STANDARD = "gnu++0x";
				CLANG_CXX_LIBRARY = "libc++";
				CLANG_ENABLE_MODULES = YES;
				CLANG_ENABLE_OBJC_ARC = YES;
				CLANG_WARN_BOOL_CONVERSION = YES;
				CLANG_WARN_CONSTANT_CONVERSION = YES;
				CLANG_WARN_DIRECT_OBJC_ISA_USAGE = YES_ERROR;
				CLANG_WARN_EMPTY_BODY = YES;
				CLANG_WARN_ENUM_CONVERSION = YES;
				CLANG_WARN_INT_CONVERSION = YES;
				CLANG_WARN_OBJC_ROOT_CLASS = YES_ERROR;
				CLANG_WARN_UNREACHABLE_CODE = YES;
				CLANG_WARN__DUPLICATE_METHOD_MATCH = YES;
				"CODE_SIGN_IDENTITY[sdk=iphoneos*]" = "iPhone Developer";
				COPY_PHASE_STRIP = NO;
				DEBUG_INFORMATION_FORMAT = dwarf;
				ENABLE_STRICT_OBJC_MSGSEND = YES;
				ENABLE_TESTABILITY = YES;
				GCC_C_LANGUAGE_STANDARD = gnu99;
				GCC_DYNAMIC_NO_PIC = NO;
				GCC_NO_COMMON_BLOCKS = YES;
				GCC_OPTIMIZATION_LEVEL = 0;
				GCC_PREPROCESSOR_DEFINITIONS = (
					"DEBUG=1",
					"$(inherited)",
				);
				GCC_WARN_64_TO_32_BIT_CONVERSION = YES;
				GCC_WARN_ABOUT_RETURN_TYPE = YES_ERROR;
				GCC_WARN_UNDECLARED_SELECTOR = YES;
				GCC_WARN_UNINITIALIZED_AUTOS = YES_AGGRESSIVE;
				GCC_WARN_UNUSED_FUNCTION = YES;
				GCC_WARN_UNUSED_VARIABLE = YES;
				IPHONEOS_DEPLOYMENT_TARGET = 9.2;
				MTL_ENABLE_DEBUG_INFO = YES;
				ONLY_ACTIVE_ARCH = YES;
				SDKROOT = iphoneos;
				SWIFT_OPTIMIZATION_LEVEL = "-Onone";
				TARGETED_DEVICE_FAMILY = "1,2";
			};
			name = Debug;
		};
		03437B061D04C5F5003E7159 /* Release */ = {
			isa = XCBuildConfiguration;
			buildSettings = {
				ALWAYS_SEARCH_USER_PATHS = NO;
				CLANG_CXX_LANGUAGE_STANDARD = "gnu++0x";
				CLANG_CXX_LIBRARY = "libc++";
				CLANG_ENABLE_MODULES = YES;
				CLANG_ENABLE_OBJC_ARC = YES;
				CLANG_WARN_BOOL_CONVERSION = YES;
				CLANG_WARN_CONSTANT_CONVERSION = YES;
				CLANG_WARN_DIRECT_OBJC_ISA_USAGE = YES_ERROR;
				CLANG_WARN_EMPTY_BODY = YES;
				CLANG_WARN_ENUM_CONVERSION = YES;
				CLANG_WARN_INT_CONVERSION = YES;
				CLANG_WARN_OBJC_ROOT_CLASS = YES_ERROR;
				CLANG_WARN_UNREACHABLE_CODE = YES;
				CLANG_WARN__DUPLICATE_METHOD_MATCH = YES;
				"CODE_SIGN_IDENTITY[sdk=iphoneos*]" = "iPhone Developer";
				COPY_PHASE_STRIP = NO;
				DEBUG_INFORMATION_FORMAT = "dwarf-with-dsym";
				ENABLE_NS_ASSERTIONS = NO;
				ENABLE_STRICT_OBJC_MSGSEND = YES;
				GCC_C_LANGUAGE_STANDARD = gnu99;
				GCC_NO_COMMON_BLOCKS = YES;
				GCC_WARN_64_TO_32_BIT_CONVERSION = YES;
				GCC_WARN_ABOUT_RETURN_TYPE = YES_ERROR;
				GCC_WARN_UNDECLARED_SELECTOR = YES;
				GCC_WARN_UNINITIALIZED_AUTOS = YES_AGGRESSIVE;
				GCC_WARN_UNUSED_FUNCTION = YES;
				GCC_WARN_UNUSED_VARIABLE = YES;
				IPHONEOS_DEPLOYMENT_TARGET = 9.2;
				MTL_ENABLE_DEBUG_INFO = NO;
				SDKROOT = iphoneos;
				TARGETED_DEVICE_FAMILY = "1,2";
				VALIDATE_PRODUCT = YES;
			};
			name = Release;
		};
		03437B081D04C5F5003E7159 /* Debug */ = {
			isa = XCBuildConfiguration;
			buildSettings = {
				ASSETCATALOG_COMPILER_APPICON_NAME = AppIcon;
				CLANG_ENABLE_MODULES = YES;
				CODE_SIGN_ENTITLEMENTS = "Copypasta Keyboard/Copypasta Keyboard.entitlements";
				CODE_SIGN_IDENTITY = "iPhone Developer";
				"CODE_SIGN_IDENTITY[sdk=iphoneos*]" = "iPhone Developer";
				EMBEDDED_CONTENT_CONTAINS_SWIFT = YES;
				GCC_PREPROCESSOR_DEFINITIONS = (
					"$(inherited)",
					"FREE=1",
				);
				INFOPLIST_FILE = "Copypasta Keyboard/Info.plist";
				IPHONEOS_DEPLOYMENT_TARGET = 9.0;
				LD_RUNPATH_SEARCH_PATHS = "$(inherited) @executable_path/Frameworks";
				PRODUCT_BUNDLE_IDENTIFIER = com.roymunsonstudios.CopypastaKeyboard;
				PRODUCT_NAME = "$(TARGET_NAME)";
				PROVISIONING_PROFILE = "";
				SWIFT_INSTALL_OBJC_HEADER = YES;
				SWIFT_OBJC_BRIDGING_HEADER = "";
				SWIFT_OPTIMIZATION_LEVEL = "-Onone";
			};
			name = Debug;
		};
		03437B091D04C5F5003E7159 /* Release */ = {
			isa = XCBuildConfiguration;
			buildSettings = {
				ASSETCATALOG_COMPILER_APPICON_NAME = AppIcon;
				CLANG_ENABLE_MODULES = YES;
				CODE_SIGN_ENTITLEMENTS = "Copypasta Keyboard/Copypasta Keyboard.entitlements";
				CODE_SIGN_IDENTITY = "iPhone Developer";
				"CODE_SIGN_IDENTITY[sdk=iphoneos*]" = "iPhone Developer";
				EMBEDDED_CONTENT_CONTAINS_SWIFT = YES;
				GCC_PREPROCESSOR_DEFINITIONS = "FREE=1";
				INFOPLIST_FILE = "Copypasta Keyboard/Info.plist";
				IPHONEOS_DEPLOYMENT_TARGET = 9.0;
				LD_RUNPATH_SEARCH_PATHS = "$(inherited) @executable_path/Frameworks";
				PRODUCT_BUNDLE_IDENTIFIER = com.roymunsonstudios.CopypastaKeyboard;
				PRODUCT_NAME = "$(TARGET_NAME)";
				PROVISIONING_PROFILE = "";
				SWIFT_INSTALL_OBJC_HEADER = YES;
				SWIFT_OBJC_BRIDGING_HEADER = "";
			};
			name = Release;
		};
		03437B171D04C63C003E7159 /* Debug */ = {
			isa = XCBuildConfiguration;
			buildSettings = {
				CLANG_ENABLE_MODULES = YES;
				CODE_SIGN_ENTITLEMENTS = Copypasta/Copypasta.entitlements;
				CODE_SIGN_IDENTITY = "iPhone Developer";
				"CODE_SIGN_IDENTITY[sdk=iphoneos*]" = "iPhone Developer";
				GCC_PREPROCESSOR_DEFINITIONS = (
					"$(inherited)",
					"FREE=1",
				);
				INFOPLIST_FILE = Copypasta/Info.plist;
				LD_RUNPATH_SEARCH_PATHS = "$(inherited) @executable_path/Frameworks @executable_path/../../Frameworks";
				PRODUCT_BUNDLE_IDENTIFIER = com.roymunsonstudios.CopypastaKeyboard.Copypasta;
				PRODUCT_NAME = "$(TARGET_NAME)";
				PROVISIONING_PROFILE = "";
				SKIP_INSTALL = YES;
				SWIFT_INSTALL_OBJC_HEADER = YES;
				SWIFT_OBJC_BRIDGING_HEADER = "";
				SWIFT_OPTIMIZATION_LEVEL = "-Onone";
				TARGETED_DEVICE_FAMILY = "1,2";
			};
			name = Debug;
		};
		03437B181D04C63C003E7159 /* Release */ = {
			isa = XCBuildConfiguration;
			buildSettings = {
				CLANG_ENABLE_MODULES = YES;
				CODE_SIGN_ENTITLEMENTS = Copypasta/Copypasta.entitlements;
				CODE_SIGN_IDENTITY = "iPhone Developer";
				"CODE_SIGN_IDENTITY[sdk=iphoneos*]" = "iPhone Developer";
				GCC_PREPROCESSOR_DEFINITIONS = "FREE=1";
				INFOPLIST_FILE = Copypasta/Info.plist;
				LD_RUNPATH_SEARCH_PATHS = "$(inherited) @executable_path/Frameworks @executable_path/../../Frameworks";
				PRODUCT_BUNDLE_IDENTIFIER = com.roymunsonstudios.CopypastaKeyboard.Copypasta;
				PRODUCT_NAME = "$(TARGET_NAME)";
				PROVISIONING_PROFILE = "";
				SKIP_INSTALL = YES;
				SWIFT_INSTALL_OBJC_HEADER = YES;
				SWIFT_OBJC_BRIDGING_HEADER = "";
				TARGETED_DEVICE_FAMILY = "1,2";
			};
			name = Release;
		};
/* End XCBuildConfiguration section */

/* Begin XCConfigurationList section */
		03437AF01D04C5F3003E7159 /* Build configuration list for PBXProject "Copypasta Keyboard" */ = {
			isa = XCConfigurationList;
			buildConfigurations = (
				03437B051D04C5F5003E7159 /* Debug */,
				03437B061D04C5F5003E7159 /* Release */,
			);
			defaultConfigurationIsVisible = 0;
			defaultConfigurationName = Release;
		};
		03437B071D04C5F5003E7159 /* Build configuration list for PBXNativeTarget "Copypasta Keyboard" */ = {
			isa = XCConfigurationList;
			buildConfigurations = (
				03437B081D04C5F5003E7159 /* Debug */,
				03437B091D04C5F5003E7159 /* Release */,
			);
			defaultConfigurationIsVisible = 0;
			defaultConfigurationName = Release;
		};
		03437B161D04C63C003E7159 /* Build configuration list for PBXNativeTarget "Copypasta" */ = {
			isa = XCConfigurationList;
			buildConfigurations = (
				03437B171D04C63C003E7159 /* Debug */,
				03437B181D04C63C003E7159 /* Release */,
			);
			defaultConfigurationIsVisible = 0;
			defaultConfigurationName = Release;
		};
/* End XCConfigurationList section */
	};
	rootObject = 03437AED1D04C5F3003E7159 /* Project object */;
}
